// !$*UTF8*$!
{
	archiveVersion = 1;
	classes = {
	};
	objectVersion = 50;
	objects = {

/* Begin PBXBuildFile section */
		8A893FD126C8BA0800CD5DE5 /* AppDelegate.swift in Sources */ = {isa = PBXBuildFile; fileRef = 8A893FD026C8BA0800CD5DE5 /* AppDelegate.swift */; };
		8A893FD326C8BA0800CD5DE5 /* SceneDelegate.swift in Sources */ = {isa = PBXBuildFile; fileRef = 8A893FD226C8BA0800CD5DE5 /* SceneDelegate.swift */; };
		8A893FD526C8BA0800CD5DE5 /* ViewController.swift in Sources */ = {isa = PBXBuildFile; fileRef = 8A893FD426C8BA0800CD5DE5 /* ViewController.swift */; };
		8A893FD826C8BA0800CD5DE5 /* Main.storyboard in Resources */ = {isa = PBXBuildFile; fileRef = 8A893FD626C8BA0800CD5DE5 /* Main.storyboard */; };
		8A893FDA26C8BA0A00CD5DE5 /* Assets.xcassets in Resources */ = {isa = PBXBuildFile; fileRef = 8A893FD926C8BA0A00CD5DE5 /* Assets.xcassets */; };
		8A893FDD26C8BA0A00CD5DE5 /* LaunchScreen.storyboard in Resources */ = {isa = PBXBuildFile; fileRef = 8A893FDB26C8BA0A00CD5DE5 /* LaunchScreen.storyboard */; };
/* End PBXBuildFile section */

/* Begin PBXFileReference section */
		8A893FCD26C8BA0800CD5DE5 /* Kadai2Koichi.app */ = {isa = PBXFileReference; explicitFileType = wrapper.application; includeInIndex = 0; path = Kadai2Koichi.app; sourceTree = BUILT_PRODUCTS_DIR; };
		8A893FD026C8BA0800CD5DE5 /* AppDelegate.swift */ = {isa = PBXFileReference; lastKnownFileType = sourcecode.swift; path = AppDelegate.swift; sourceTree = "<group>"; };
		8A893FD226C8BA0800CD5DE5 /* SceneDelegate.swift */ = {isa = PBXFileReference; lastKnownFileType = sourcecode.swift; path = SceneDelegate.swift; sourceTree = "<group>"; };
		8A893FD426C8BA0800CD5DE5 /* ViewController.swift */ = {isa = PBXFileReference; lastKnownFileType = sourcecode.swift; path = ViewController.swift; sourceTree = "<group>"; };
		8A893FD726C8BA0800CD5DE5 /* Base */ = {isa = PBXFileReference; lastKnownFileType = file.storyboard; name = Base; path = Base.lproj/Main.storyboard; sourceTree = "<group>"; };
		8A893FD926C8BA0A00CD5DE5 /* Assets.xcassets */ = {isa = PBXFileReference; lastKnownFileType = folder.assetcatalog; path = Assets.xcassets; sourceTree = "<group>"; };
		8A893FDC26C8BA0A00CD5DE5 /* Base */ = {isa = PBXFileReference; lastKnownFileType = file.storyboard; name = Base; path = Base.lproj/LaunchScreen.storyboard; sourceTree = "<group>"; };
		8A893FDE26C8BA0A00CD5DE5 /* Info.plist */ = {isa = PBXFileReference; lastKnownFileType = text.plist.xml; path = Info.plist; sourceTree = "<group>"; };
/* End PBXFileReference section */

/* Begin PBXFrameworksBuildPhase section */
		8A893FCA26C8BA0800CD5DE5 /* Frameworks */ = {
			isa = PBXFrameworksBuildPhase;
			buildActionMask = 2147483647;
			files = (
			);
			runOnlyForDeploymentPostprocessing = 0;
		};
/* End PBXFrameworksBuildPhase section */

/* Begin PBXGroup section */
		8A893FC426C8BA0800CD5DE5 = {
			isa = PBXGroup;
			children = (
				8A893FCF26C8BA0800CD5DE5 /* Kadai2Koichi */,
				8A893FCE26C8BA0800CD5DE5 /* Products */,
			);
			sourceTree = "<group>";
		};
		8A893FCE26C8BA0800CD5DE5 /* Products */ = {
			isa = PBXGroup;
			children = (
				8A893FCD26C8BA0800CD5DE5 /* Kadai2Koichi.app */,
			);
			name = Products;
			sourceTree = "<group>";
		};
		8A893FCF26C8BA0800CD5DE5 /* Kadai2Koichi */ = {
			isa = PBXGroup;
			children = (
				8A893FD026C8BA0800CD5DE5 /* AppDelegate.swift */,
				8A893FD226C8BA0800CD5DE5 /* SceneDelegate.swift */,
				8A893FD426C8BA0800CD5DE5 /* ViewController.swift */,
				8A893FD626C8BA0800CD5DE5 /* Main.storyboard */,
				8A893FD926C8BA0A00CD5DE5 /* Assets.xcassets */,
				8A893FDB26C8BA0A00CD5DE5 /* LaunchScreen.storyboard */,
				8A893FDE26C8BA0A00CD5DE5 /* Info.plist */,
			);
			path = Kadai2Koichi;
			sourceTree = "<group>";
		};
/* End PBXGroup section */

/* Begin PBXNativeTarget section */
		8A893FCC26C8BA0800CD5DE5 /* Kadai2Koichi */ = {
			isa = PBXNativeTarget;
			buildConfigurationList = 8A893FE126C8BA0A00CD5DE5 /* Build configuration list for PBXNativeTarget "Kadai2Koichi" */;
			buildPhases = (
				8A893FC926C8BA0800CD5DE5 /* Sources */,
				8A893FCA26C8BA0800CD5DE5 /* Frameworks */,
				8A893FCB26C8BA0800CD5DE5 /* Resources */,
				8A893FE626C8C47C00CD5DE5 /* ShellScript */,
			);
			buildRules = (
			);
			dependencies = (
			);
			name = Kadai2Koichi;
			productName = Kadai2Koichi;
			productReference = 8A893FCD26C8BA0800CD5DE5 /* Kadai2Koichi.app */;
			productType = "com.apple.product-type.application";
		};
/* End PBXNativeTarget section */

/* Begin PBXProject section */
		8A893FC526C8BA0800CD5DE5 /* Project object */ = {
			isa = PBXProject;
			attributes = {
				LastSwiftUpdateCheck = 1240;
				LastUpgradeCheck = 1240;
				TargetAttributes = {
					8A893FCC26C8BA0800CD5DE5 = {
						CreatedOnToolsVersion = 12.4;
					};
				};
			};
			buildConfigurationList = 8A893FC826C8BA0800CD5DE5 /* Build configuration list for PBXProject "Kadai2Koichi" */;
			compatibilityVersion = "Xcode 9.3";
			developmentRegion = en;
			hasScannedForEncodings = 0;
			knownRegions = (
				en,
				Base,
			);
			mainGroup = 8A893FC426C8BA0800CD5DE5;
			productRefGroup = 8A893FCE26C8BA0800CD5DE5 /* Products */;
			projectDirPath = "";
			projectRoot = "";
			targets = (
				8A893FCC26C8BA0800CD5DE5 /* Kadai2Koichi */,
			);
		};
/* End PBXProject section */

/* Begin PBXResourcesBuildPhase section */
		8A893FCB26C8BA0800CD5DE5 /* Resources */ = {
			isa = PBXResourcesBuildPhase;
			buildActionMask = 2147483647;
			files = (
				8A893FDD26C8BA0A00CD5DE5 /* LaunchScreen.storyboard in Resources */,
				8A893FDA26C8BA0A00CD5DE5 /* Assets.xcassets in Resources */,
				8A893FD826C8BA0800CD5DE5 /* Main.storyboard in Resources */,
			);
			runOnlyForDeploymentPostprocessing = 0;
		};
/* End PBXResourcesBuildPhase section */

/* Begin PBXShellScriptBuildPhase section */
		8A893FE626C8C47C00CD5DE5 /* ShellScript */ = {
			isa = PBXShellScriptBuildPhase;
			buildActionMask = 2147483647;
			files = (
			);
			inputFileListPaths = (
			);
			inputPaths = (
			);
			outputFileListPaths = (
			);
			outputPaths = (
			);
			runOnlyForDeploymentPostprocessing = 0;
			shellPath = /bin/sh;
			shellScript = "if which swiftlint >/dev/null; then\n  swiftlint\nelse\n  echo \"warning: SwiftLint not installed, download from https://github.com/realm/SwiftLint\"\nfi\n\n";
		};
/* End PBXShellScriptBuildPhase section */

/* Begin PBXSourcesBuildPhase section */
		8A893FC926C8BA0800CD5DE5 /* Sources */ = {
			isa = PBXSourcesBuildPhase;
			buildActionMask = 2147483647;
			files = (
				8A893FD526C8BA0800CD5DE5 /* ViewController.swift in Sources */,
				8A893FD126C8BA0800CD5DE5 /* AppDelegate.swift in Sources */,
				8A893FD326C8BA0800CD5DE5 /* SceneDelegate.swift in Sources */,
			);
			runOnlyForDeploymentPostprocessing = 0;
		};
/* End PBXSourcesBuildPhase section */

/* Begin PBXVariantGroup section */
		8A893FD626C8BA0800CD5DE5 /* Main.storyboard */ = {
			isa = PBXVariantGroup;
			children = (
				8A893FD726C8BA0800CD5DE5 /* Base */,
			);
			name = Main.storyboard;
			sourceTree = "<group>";
		};
		8A893FDB26C8BA0A00CD5DE5 /* LaunchScreen.storyboard */ = {
			isa = PBXVariantGroup;
			children = (
				8A893FDC26C8BA0A00CD5DE5 /* Base */,
			);
			name = LaunchScreen.storyboard;
			sourceTree = "<group>";
		};
/* End PBXVariantGroup section */

/* Begin XCBuildConfiguration section */
		8A893FDF26C8BA0A00CD5DE5 /* Debug */ = {
			isa = XCBuildConfiguration;
			buildSettings = {
				ALWAYS_SEARCH_USER_PATHS = NO;
				CLANG_ANALYZER_NONNULL = YES;
				CLANG_ANALYZER_NUMBER_OBJECT_CONVERSION = YES_AGGRESSIVE;
				CLANG_CXX_LANGUAGE_STANDARD = "gnu++14";
				CLANG_CXX_LIBRARY = "libc++";
				CLANG_ENABLE_MODULES = YES;
				CLANG_ENABLE_OBJC_ARC = YES;
				CLANG_ENABLE_OBJC_WEAK = YES;
				CLANG_WARN_BLOCK_CAPTURE_AUTORELEASING = YES;
				CLANG_WARN_BOOL_CONVERSION = YES;
				CLANG_WARN_COMMA = YES;
				CLANG_WARN_CONSTANT_CONVERSION = YES;
				CLANG_WARN_DEPRECATED_OBJC_IMPLEMENTATIONS = YES;
				CLANG_WARN_DIRECT_OBJC_ISA_USAGE = YES_ERROR;
				CLANG_WARN_DOCUMENTATION_COMMENTS = YES;
				CLANG_WARN_EMPTY_BODY = YES;
				CLANG_WARN_ENUM_CONVERSION = YES;
				CLANG_WARN_INFINITE_RECURSION = YES;
				CLANG_WARN_INT_CONVERSION = YES;
				CLANG_WARN_NON_LITERAL_NULL_CONVERSION = YES;
				CLANG_WARN_OBJC_IMPLICIT_RETAIN_SELF = YES;
				CLANG_WARN_OBJC_LITERAL_CONVERSION = YES;
				CLANG_WARN_OBJC_ROOT_CLASS = YES_ERROR;
				CLANG_WARN_QUOTED_INCLUDE_IN_FRAMEWORK_HEADER = YES;
				CLANG_WARN_RANGE_LOOP_ANALYSIS = YES;
				CLANG_WARN_STRICT_PROTOTYPES = YES;
				CLANG_WARN_SUSPICIOUS_MOVE = YES;
				CLANG_WARN_UNGUARDED_AVAILABILITY = YES_AGGRESSIVE;
				CLANG_WARN_UNREACHABLE_CODE = YES;
				CLANG_WARN__DUPLICATE_METHOD_MATCH = YES;
				COPY_PHASE_STRIP = NO;
				DEBUG_INFORMATION_FORMAT = dwarf;
				ENABLE_STRICT_OBJC_MSGSEND = YES;
				ENABLE_TESTABILITY = YES;
				GCC_C_LANGUAGE_STANDARD = gnu11;
				GCC_DYNAMIC_NO_PIC = NO;
				GCC_NO_COMMON_BLOCKS = YES;
				GCC_OPTIMIZATION_LEVEL = 0;
				GCC_PREPROCESSOR_DEFINITIONS = (
					"DEBUG=1",
					"$(inherited)",
				);
				GCC_WARN_64_TO_32_BIT_CONVERSION = YES;
				GCC_WARN_ABOUT_RETURN_TYPE = YES_ERROR;
				GCC_WARN_UNDECLARED_SELECTOR = YES;
				GCC_WARN_UNINITIALIZED_AUTOS = YES_AGGRESSIVE;
				GCC_WARN_UNUSED_FUNCTION = YES;
				GCC_WARN_UNUSED_VARIABLE = YES;
				IPHONEOS_DEPLOYMENT_TARGET = 14.4;
				MTL_ENABLE_DEBUG_INFO = INCLUDE_SOURCE;
				MTL_FAST_MATH = YES;
				ONLY_ACTIVE_ARCH = YES;
				SDKROOT = iphoneos;
				SWIFT_ACTIVE_COMPILATION_CONDITIONS = DEBUG;
				SWIFT_OPTIMIZATION_LEVEL = "-Onone";
			};
			name = Debug;
		};
		8A893FE026C8BA0A00CD5DE5 /* Release */ = {
			isa = XCBuildConfiguration;
			buildSettings = {
				ALWAYS_SEARCH_USER_PATHS = NO;
				CLANG_ANALYZER_NONNULL = YES;
				CLANG_ANALYZER_NUMBER_OBJECT_CONVERSION = YES_AGGRESSIVE;
				CLANG_CXX_LANGUAGE_STANDARD = "gnu++14";
				CLANG_CXX_LIBRARY = "libc++";
				CLANG_ENABLE_MODULES = YES;
				CLANG_ENABLE_OBJC_ARC = YES;
				CLANG_ENABLE_OBJC_WEAK = YES;
				CLANG_WARN_BLOCK_CAPTURE_AUTORELEASING = YES;
				CLANG_WARN_BOOL_CONVERSION = YES;
				CLANG_WARN_COMMA = YES;
				CLANG_WARN_CONSTANT_CONVERSION = YES;
				CLANG_WARN_DEPRECATED_OBJC_IMPLEMENTATIONS = YES;
				CLANG_WARN_DIRECT_OBJC_ISA_USAGE = YES_ERROR;
				CLANG_WARN_DOCUMENTATION_COMMENTS = YES;
				CLANG_WARN_EMPTY_BODY = YES;
				CLANG_WARN_ENUM_CONVERSION = YES;
				CLANG_WARN_INFINITE_RECURSION = YES;
				CLANG_WARN_INT_CONVERSION = YES;
				CLANG_WARN_NON_LITERAL_NULL_CONVERSION = YES;
				CLANG_WARN_OBJC_IMPLICIT_RETAIN_SELF = YES;
				CLANG_WARN_OBJC_LITERAL_CONVERSION = YES;
				CLANG_WARN_OBJC_ROOT_CLASS = YES_ERROR;
				CLANG_WARN_QUOTED_INCLUDE_IN_FRAMEWORK_HEADER = YES;
				CLANG_WARN_RANGE_LOOP_ANALYSIS = YES;
				CLANG_WARN_STRICT_PROTOTYPES = YES;
				CLANG_WARN_SUSPICIOUS_MOVE = YES;
				CLANG_WARN_UNGUARDED_AVAILABILITY = YES_AGGRESSIVE;
				CLANG_WARN_UNREACHABLE_CODE = YES;
				CLANG_WARN__DUPLICATE_METHOD_MATCH = YES;
				COPY_PHASE_STRIP = NO;
				DEBUG_INFORMATION_FORMAT = "dwarf-with-dsym";
				ENABLE_NS_ASSERTIONS = NO;
				ENABLE_STRICT_OBJC_MSGSEND = YES;
				GCC_C_LANGUAGE_STANDARD = gnu11;
				GCC_NO_COMMON_BLOCKS = YES;
				GCC_WARN_64_TO_32_BIT_CONVERSION = YES;
				GCC_WARN_ABOUT_RETURN_TYPE = YES_ERROR;
				GCC_WARN_UNDECLARED_SELECTOR = YES;
				GCC_WARN_UNINITIALIZED_AUTOS = YES_AGGRESSIVE;
				GCC_WARN_UNUSED_FUNCTION = YES;
				GCC_WARN_UNUSED_VARIABLE = YES;
				IPHONEOS_DEPLOYMENT_TARGET = 14.4;
				MTL_ENABLE_DEBUG_INFO = NO;
				MTL_FAST_MATH = YES;
				SDKROOT = iphoneos;
				SWIFT_COMPILATION_MODE = wholemodule;
				SWIFT_OPTIMIZATION_LEVEL = "-O";
				VALIDATE_PRODUCT = YES;
			};
			name = Release;
		};
		8A893FE226C8BA0A00CD5DE5 /* Debug */ = {
			isa = XCBuildConfiguration;
			buildSettings = {
				ASSETCATALOG_COMPILER_APPICON_NAME = AppIcon;
				ASSETCATALOG_COMPILER_GLOBAL_ACCENT_COLOR_NAME = AccentColor;
				CODE_SIGN_STYLE = Automatic;
				DEVELOPMENT_TEAM = 827H72CABH;
				INFOPLIST_FILE = Kadai2Koichi/Info.plist;
				LD_RUNPATH_SEARCH_PATHS = (
					"$(inherited)",
					"@executable_path/Frameworks",
				);
				PRODUCT_BUNDLE_IDENTIFIER = com.koichi.Kadai2Koichi;
				PRODUCT_NAME = "$(TARGET_NAME)";
				SWIFT_VERSION = 5.0;
				TARGETED_DEVICE_FAMILY = "1,2";
			};
			name = Debug;
		};
		8A893FE326C8BA0A00CD5DE5 /* Release */ = {
			isa = XCBuildConfiguration;
			buildSettings = {
				ASSETCATALOG_COMPILER_APPICON_NAME = AppIcon;
				ASSETCATALOG_COMPILER_GLOBAL_ACCENT_COLOR_NAME = AccentColor;
				CODE_SIGN_STYLE = Automatic;
				DEVELOPMENT_TEAM = 827H72CABH;
				INFOPLIST_FILE = Kadai2Koichi/Info.plist;
				LD_RUNPATH_SEARCH_PATHS = (
					"$(inherited)",
					"@executable_path/Frameworks",
				);
				PRODUCT_BUNDLE_IDENTIFIER = com.koichi.Kadai2Koichi;
				PRODUCT_NAME = "$(TARGET_NAME)";
				SWIFT_VERSION = 5.0;
				TARGETED_DEVICE_FAMILY = "1,2";
			};
			name = Release;
		};
/* End XCBuildConfiguration section */

/* Begin XCConfigurationList section */
		8A893FC826C8BA0800CD5DE5 /* Build configuration list for PBXProject "Kadai2Koichi" */ = {
			isa = XCConfigurationList;
			buildConfigurations = (
				8A893FDF26C8BA0A00CD5DE5 /* Debug */,
				8A893FE026C8BA0A00CD5DE5 /* Release */,
			);
			defaultConfigurationIsVisible = 0;
			defaultConfigurationName = Release;
		};
		8A893FE126C8BA0A00CD5DE5 /* Build configuration list for PBXNativeTarget "Kadai2Koichi" */ = {
			isa = XCConfigurationList;
			buildConfigurations = (
				8A893FE226C8BA0A00CD5DE5 /* Debug */,
				8A893FE326C8BA0A00CD5DE5 /* Release */,
			);
			defaultConfigurationIsVisible = 0;
			defaultConfigurationName = Release;
		};
/* End XCConfigurationList section */
	};
	rootObject = 8A893FC526C8BA0800CD5DE5 /* Project object */;
}
